{
  "nodes": {
    "flakelight": {
      "inputs": {
        "nixpkgs": [
          "nixpkgs"
        ]
      },
      "locked": {
        "lastModified": 1761636064,
        "narHash": "sha256-xAbEYL5gqPnBfXOIGToPjF6E0n9RSe8YJ6E2/ePrPaM=",
        "owner": "nix-community",
        "repo": "flakelight",
        "rev": "2c621bc66465c457b64b016bb00d575ff2e51094",
        "type": "github"
      },
      "original": {
        "owner": "nix-community",
        "repo": "flakelight",
        "type": "github"
      }
    },
    "nixpkgs": {
      "locked": {
        "lastModified": 1761875112,
        "narHash": "sha256-f/PZh1TaPWer5VVfcH3q6N5g0/qBmPYGcWcqJrCkeK4=",
        "owner": "NixOS",
        "repo": "nixpkgs",
        "rev": "cd7c6b09fc470be8a780bb2d966146e69cf1a1ec",
        "type": "github"
      },
      "original": {
        "owner": "NixOS",
        "ref": "master",
        "repo": "nixpkgs",
        "type": "github"
      }
    },
    "root": {
      "inputs": {
        "flakelight": "flakelight",
        "nixpkgs": "nixpkgs"
      }
    }
  },
  "root": "root",
  "version": 7
}
